
Microsoft Visual Studio Solution File, Format Version 12.00
# Visual Studio Version 16
VisualStudioVersion = 16.0.32126.315
MinimumVisualStudioVersion = 10.0.40219.1
Project("{FAE04EC0-301F-11D3-BF4B-00C04F79EFBC}") = "BTL_WebBanSach05", "BTL_WebBanSach05\BTL_WebBanSach05.csproj", "{0E1AD2FC-819D-4683-8680-5BB1A5FEC43F}"
EndProject
Global
	GlobalSection(SolutionConfigurationPlatforms) = preSolution
		Debug|Any CPU = Debug|Any CPU
		Release|Any CPU = Release|Any CPU
	EndGlobalSection
	GlobalSection(ProjectConfigurationPlatforms) = postSolution
		{0E1AD2FC-819D-4683-8680-5BB1A5FEC43F}.Debug|Any CPU.ActiveCfg = Debug|Any CPU
		{0E1AD2FC-819D-4683-8680-5BB1A5FEC43F}.Debug|Any CPU.Build.0 = Debug|Any CPU
		{0E1AD2FC-819D-4683-8680-5BB1A5FEC43F}.Release|Any CPU.ActiveCfg = Release|Any CPU
		{0E1AD2FC-819D-4683-8680-5BB1A5FEC43F}.Release|Any CPU.Build.0 = Release|Any CPU
	EndGlobalSection
	GlobalSection(SolutionProperties) = preSolution
		HideSolutionNode = FALSE
	EndGlobalSection
	GlobalSection(ExtensibilityGlobals) = postSolution
		SolutionGuid = {448E6404-93F9-40F1-AE31-E7AB8909283D}
	EndGlobalSection
EndGlobal
